
Microsoft Visual Studio Solution File, Format Version 12.00
# Visual Studio 15
VisualStudioVersion = 15.0.27703.2000
MinimumVisualStudioVersion = 10.0.40219.1
Project("{FAE04EC0-301F-11D3-BF4B-00C04F79EFBC}") = "Serial", "Serial\Serial.csproj", "{647BF849-023E-49DA-BC44-C9B78946A6C6}"
EndProject
Project("{FAE04EC0-301F-11D3-BF4B-00C04F79EFBC}") = "ConsoleOutput", "ConsoleOutput\ConsoleOutput.csproj", "{952EC07A-7DA3-43B9-B0CD-81343CAC4171}"
EndProject
Project("{FAE04EC0-301F-11D3-BF4B-00C04F79EFBC}") = "ApplicationSettings", "Settings\ApplicationSettings.csproj", "{5E45DBBD-B255-420C-85AA-581E885A999E}"
EndProject
Project("{FAE04EC0-301F-11D3-BF4B-00C04F79EFBC}") = "View", "View\View.csproj", "{8CA97726-D998-4783-B0FC-4146F63CC86A}"
EndProject
Project("{FAE04EC0-301F-11D3-BF4B-00C04F79EFBC}") = "FileManager", "FileManager\FileManager.csproj", "{FAA59024-FE4B-44AC-B1E1-741A7002E6E8}"
EndProject
Project("{FAE04EC0-301F-11D3-BF4B-00C04F79EFBC}") = "TempLog", "TempLog\TempLog.csproj", "{157E5B84-E5E7-49D2-BC22-5286EFC781A1}"
	ProjectSection(ProjectDependencies) = postProject
		{8CA97726-D998-4783-B0FC-4146F63CC86A} = {8CA97726-D998-4783-B0FC-4146F63CC86A}
	EndProjectSection
EndProject
Global
	GlobalSection(SolutionConfigurationPlatforms) = preSolution
		Debug|Any CPU = Debug|Any CPU
		Release|Any CPU = Release|Any CPU
	EndGlobalSection
	GlobalSection(ProjectConfigurationPlatforms) = postSolution
		{647BF849-023E-49DA-BC44-C9B78946A6C6}.Debug|Any CPU.ActiveCfg = Debug|Any CPU
		{647BF849-023E-49DA-BC44-C9B78946A6C6}.Debug|Any CPU.Build.0 = Debug|Any CPU
		{647BF849-023E-49DA-BC44-C9B78946A6C6}.Release|Any CPU.ActiveCfg = Release|Any CPU
		{647BF849-023E-49DA-BC44-C9B78946A6C6}.Release|Any CPU.Build.0 = Release|Any CPU
		{952EC07A-7DA3-43B9-B0CD-81343CAC4171}.Debug|Any CPU.ActiveCfg = Debug|Any CPU
		{952EC07A-7DA3-43B9-B0CD-81343CAC4171}.Debug|Any CPU.Build.0 = Debug|Any CPU
		{952EC07A-7DA3-43B9-B0CD-81343CAC4171}.Release|Any CPU.ActiveCfg = Release|Any CPU
		{952EC07A-7DA3-43B9-B0CD-81343CAC4171}.Release|Any CPU.Build.0 = Release|Any CPU
		{5E45DBBD-B255-420C-85AA-581E885A999E}.Debug|Any CPU.ActiveCfg = Debug|Any CPU
		{5E45DBBD-B255-420C-85AA-581E885A999E}.Debug|Any CPU.Build.0 = Debug|Any CPU
		{5E45DBBD-B255-420C-85AA-581E885A999E}.Release|Any CPU.ActiveCfg = Release|Any CPU
		{5E45DBBD-B255-420C-85AA-581E885A999E}.Release|Any CPU.Build.0 = Release|Any CPU
		{8CA97726-D998-4783-B0FC-4146F63CC86A}.Debug|Any CPU.ActiveCfg = Debug|Any CPU
		{8CA97726-D998-4783-B0FC-4146F63CC86A}.Debug|Any CPU.Build.0 = Debug|Any CPU
		{8CA97726-D998-4783-B0FC-4146F63CC86A}.Release|Any CPU.ActiveCfg = Release|Any CPU
		{8CA97726-D998-4783-B0FC-4146F63CC86A}.Release|Any CPU.Build.0 = Release|Any CPU
		{FAA59024-FE4B-44AC-B1E1-741A7002E6E8}.Debug|Any CPU.ActiveCfg = Debug|Any CPU
		{FAA59024-FE4B-44AC-B1E1-741A7002E6E8}.Debug|Any CPU.Build.0 = Debug|Any CPU
		{FAA59024-FE4B-44AC-B1E1-741A7002E6E8}.Release|Any CPU.ActiveCfg = Release|Any CPU
		{FAA59024-FE4B-44AC-B1E1-741A7002E6E8}.Release|Any CPU.Build.0 = Release|Any CPU
		{157E5B84-E5E7-49D2-BC22-5286EFC781A1}.Debug|Any CPU.ActiveCfg = Debug|Any CPU
		{157E5B84-E5E7-49D2-BC22-5286EFC781A1}.Debug|Any CPU.Build.0 = Debug|Any CPU
		{157E5B84-E5E7-49D2-BC22-5286EFC781A1}.Release|Any CPU.ActiveCfg = Release|Any CPU
		{157E5B84-E5E7-49D2-BC22-5286EFC781A1}.Release|Any CPU.Build.0 = Release|Any CPU
	EndGlobalSection
	GlobalSection(SolutionProperties) = preSolution
		HideSolutionNode = FALSE
	EndGlobalSection
	GlobalSection(ExtensibilityGlobals) = postSolution
		SolutionGuid = {6AD3727C-3DE8-4B3F-A28D-2CF755474318}
	EndGlobalSection
EndGlobal
